
Microsoft Visual Studio Solution File, Format Version 12.00
# Visual Studio Version 17
VisualStudioVersion = 17.0.32112.339
MinimumVisualStudioVersion = 10.0.40219.1
Project("{FAE04EC0-301F-11D3-BF4B-00C04F79EFBC}") = "AccesoDatosCOVID", "AccesoDatosCOVID\AccesoDatosCOVID.csproj", "{3E66029E-82D0-4192-81BC-0FFF8908AA9C}"
EndProject
Global
	GlobalSection(SolutionConfigurationPlatforms) = preSolution
		Debug|Any CPU = Debug|Any CPU
		Release|Any CPU = Release|Any CPU
	EndGlobalSection
	GlobalSection(ProjectConfigurationPlatforms) = postSolution
		{3E66029E-82D0-4192-81BC-0FFF8908AA9C}.Debug|Any CPU.ActiveCfg = Debug|Any CPU
		{3E66029E-82D0-4192-81BC-0FFF8908AA9C}.Debug|Any CPU.Build.0 = Debug|Any CPU
		{3E66029E-82D0-4192-81BC-0FFF8908AA9C}.Release|Any CPU.ActiveCfg = Release|Any CPU
		{3E66029E-82D0-4192-81BC-0FFF8908AA9C}.Release|Any CPU.Build.0 = Release|Any CPU
	EndGlobalSection
	GlobalSection(SolutionProperties) = preSolution
		HideSolutionNode = FALSE
	EndGlobalSection
	GlobalSection(ExtensibilityGlobals) = postSolution
		SolutionGuid = {ADFD8EA7-C0B4-4D3B-BFB6-8A114BF5D2E4}
	EndGlobalSection
EndGlobal
