
Microsoft Visual Studio Solution File, Format Version 12.00
# Visual Studio Version 17
VisualStudioVersion = 17.0.32112.339
MinimumVisualStudioVersion = 10.0.40219.1
Project("{FAE04EC0-301F-11D3-BF4B-00C04F79EFBC}") = "WebPresentacion", "AccesoDatosCOVID\WebPresentacion.csproj", "{3E66029E-82D0-4192-81BC-0FFF8908AA9C}"
EndProject
Project("{FAE04EC0-301F-11D3-BF4B-00C04F79EFBC}") = "LogicaNegocios", "LogicaNegocios\LogicaNegocios.csproj", "{C650CDB6-B67E-4C1E-8E4A-6E31E0BF06D1}"
EndProject
Project("{FAE04EC0-301F-11D3-BF4B-00C04F79EFBC}") = "DAL_Acceso", "DAL_Acceso\DAL_Acceso.csproj", "{4AB03ADC-AA5C-492F-85E4-835B2B66A50A}"
EndProject
Global
	GlobalSection(SolutionConfigurationPlatforms) = preSolution
		Debug|Any CPU = Debug|Any CPU
		Release|Any CPU = Release|Any CPU
	EndGlobalSection
	GlobalSection(ProjectConfigurationPlatforms) = postSolution
		{3E66029E-82D0-4192-81BC-0FFF8908AA9C}.Debug|Any CPU.ActiveCfg = Debug|Any CPU
		{3E66029E-82D0-4192-81BC-0FFF8908AA9C}.Debug|Any CPU.Build.0 = Debug|Any CPU
		{3E66029E-82D0-4192-81BC-0FFF8908AA9C}.Release|Any CPU.ActiveCfg = Release|Any CPU
		{3E66029E-82D0-4192-81BC-0FFF8908AA9C}.Release|Any CPU.Build.0 = Release|Any CPU
		{C650CDB6-B67E-4C1E-8E4A-6E31E0BF06D1}.Debug|Any CPU.ActiveCfg = Debug|Any CPU
		{C650CDB6-B67E-4C1E-8E4A-6E31E0BF06D1}.Debug|Any CPU.Build.0 = Debug|Any CPU
		{C650CDB6-B67E-4C1E-8E4A-6E31E0BF06D1}.Release|Any CPU.ActiveCfg = Release|Any CPU
		{C650CDB6-B67E-4C1E-8E4A-6E31E0BF06D1}.Release|Any CPU.Build.0 = Release|Any CPU
		{4AB03ADC-AA5C-492F-85E4-835B2B66A50A}.Debug|Any CPU.ActiveCfg = Debug|Any CPU
		{4AB03ADC-AA5C-492F-85E4-835B2B66A50A}.Debug|Any CPU.Build.0 = Debug|Any CPU
		{4AB03ADC-AA5C-492F-85E4-835B2B66A50A}.Release|Any CPU.ActiveCfg = Release|Any CPU
		{4AB03ADC-AA5C-492F-85E4-835B2B66A50A}.Release|Any CPU.Build.0 = Release|Any CPU
	EndGlobalSection
	GlobalSection(SolutionProperties) = preSolution
		HideSolutionNode = FALSE
	EndGlobalSection
	GlobalSection(ExtensibilityGlobals) = postSolution
		SolutionGuid = {ADFD8EA7-C0B4-4D3B-BFB6-8A114BF5D2E4}
	EndGlobalSection
EndGlobal
